
Microsoft Visual Studio Solution File, Format Version 11.00
# Visual Studio 2010
Project("{2150E333-8FDC-42A3-9474-1A3956D46DE8}") = "Tests", "Tests", "{0E209CE5-31A3-4039-9437-7F74DC13D8C8}"
EndProject
Project("{8BC9CEB8-8B4A-11D0-8D11-00A0C91BC942}") = "SDL_gfx", "SDL_gfx_VS2010.vcxproj", "{AE22EFD3-6E6D-48C0-AF3D-EF190406BEDC}"
EndProject
Project("{8BC9CEB8-8B4A-11D0-8D11-00A0C91BC942}") = "TestGfxPrimitives", "Test\TestGfxPrimitives_VS2010.vcxproj", "{AE22EFD3-6F6D-48C0-AF3D-EF190406BEDC}"
EndProject
Project("{8BC9CEB8-8B4A-11D0-8D11-00A0C91BC942}") = "TestABGR", "Test\TestABGR_VS2010.vcxproj", "{AE22EFD3-7F7D-48C0-AF3D-EF190406BEDC}"
EndProject
Project("{8BC9CEB8-8B4A-11D0-8D11-00A0C91BC942}") = "TestFonts", "Test\TestFonts_VS2010.vcxproj", "{AE33EFD3-6F6D-48C0-AF3D-EF190406BEDC}"
EndProject
Project("{8BC9CEB8-8B4A-11D0-8D11-00A0C91BC942}") = "TestFramerate", "Test\TestFramerate_VS2010.vcxproj", "{AE22EFD3-6F6D-21C0-AF2D-EF190406BEDC}"
EndProject
Project("{8BC9CEB8-8B4A-11D0-8D11-00A0C91BC942}") = "TestGfxBlit", "Test\TestGfxBlit_VS2010.vcxproj", "{AE22EFD3-6F6D-48C0-AF3D-EF112306BEDC}"
EndProject
Project("{8BC9CEB8-8B4A-11D0-8D11-00A0C91BC942}") = "TestGfxTexture", "Test\TestGfxTexture_VS2010.vcxproj", "{AE22EFD3-6F6D-32C0-AA3D-EF190406BEDC}"
EndProject
Project("{8BC9CEB8-8B4A-11D0-8D11-00A0C91BC942}") = "TestImageFilter", "Test\TestImageFilter_VS2010.vcxproj", "{AE22AFD3-6F6D-48C0-AF3D-EF190406AAAA}"
EndProject
Project("{8BC9CEB8-8B4A-11D0-8D11-00A0C91BC942}") = "TestRotozoom", "Test\TestRotozoom_VS2010.vcxproj", "{AE98EFD3-6F6D-48C0-AF3D-EF560406BEDC}"
EndProject
Project("{8BC9CEB8-8B4A-11D0-8D11-00A0C91BC942}") = "TestShrink", "Test\TestShrink_VS2010.vcxproj", "{AE22EFD3-6161-48C0-123D-EF190406BEDC}"
EndProject
Project("{8BC9CEB8-8B4A-11D0-8D11-00A0C91BC942}") = "LaplaceRelaxation", "Test\LaplaceRelaxation_VS2010.vcxproj", "{AE9876D3-6F6D-48C0-3DAF-EF578406BEDC}"
EndProject
Global
	GlobalSection(SolutionConfigurationPlatforms) = preSolution
		Debug|Win32 = Debug|Win32
		Release|Win32 = Release|Win32
	EndGlobalSection
	GlobalSection(ProjectConfigurationPlatforms) = postSolution
		{AE22EFD3-6E6D-48C0-AF3D-EF190406BEDC}.Debug|Win32.ActiveCfg = Debug|Win32
		{AE22EFD3-6E6D-48C0-AF3D-EF190406BEDC}.Debug|Win32.Build.0 = Debug|Win32
		{AE22EFD3-6E6D-48C0-AF3D-EF190406BEDC}.Release|Win32.ActiveCfg = Release|Win32
		{AE22EFD3-6E6D-48C0-AF3D-EF190406BEDC}.Release|Win32.Build.0 = Release|Win32
		{AE22EFD3-6F6D-48C0-AF3D-EF190406BEDC}.Debug|Win32.ActiveCfg = Debug|Win32
		{AE22EFD3-6F6D-48C0-AF3D-EF190406BEDC}.Debug|Win32.Build.0 = Debug|Win32
		{AE22EFD3-6F6D-48C0-AF3D-EF190406BEDC}.Release|Win32.ActiveCfg = Release|Win32
		{AE22EFD3-6F6D-48C0-AF3D-EF190406BEDC}.Release|Win32.Build.0 = Release|Win32
		{AE22EFD3-7F7D-48C0-AF3D-EF190406BEDC}.Debug|Win32.ActiveCfg = Debug|Win32
		{AE22EFD3-7F7D-48C0-AF3D-EF190406BEDC}.Debug|Win32.Build.0 = Debug|Win32
		{AE22EFD3-7F7D-48C0-AF3D-EF190406BEDC}.Release|Win32.ActiveCfg = Release|Win32
		{AE22EFD3-7F7D-48C0-AF3D-EF190406BEDC}.Release|Win32.Build.0 = Release|Win32
		{AE33EFD3-6F6D-48C0-AF3D-EF190406BEDC}.Debug|Win32.ActiveCfg = Debug|Win32
		{AE33EFD3-6F6D-48C0-AF3D-EF190406BEDC}.Debug|Win32.Build.0 = Debug|Win32
		{AE33EFD3-6F6D-48C0-AF3D-EF190406BEDC}.Release|Win32.ActiveCfg = Release|Win32
		{AE33EFD3-6F6D-48C0-AF3D-EF190406BEDC}.Release|Win32.Build.0 = Release|Win32
		{AE22EFD3-6F6D-21C0-AF2D-EF190406BEDC}.Debug|Win32.ActiveCfg = Debug|Win32
		{AE22EFD3-6F6D-21C0-AF2D-EF190406BEDC}.Debug|Win32.Build.0 = Debug|Win32
		{AE22EFD3-6F6D-21C0-AF2D-EF190406BEDC}.Release|Win32.ActiveCfg = Release|Win32
		{AE22EFD3-6F6D-21C0-AF2D-EF190406BEDC}.Release|Win32.Build.0 = Release|Win32
		{AE22EFD3-6F6D-48C0-AF3D-EF112306BEDC}.Debug|Win32.ActiveCfg = Debug|Win32
		{AE22EFD3-6F6D-48C0-AF3D-EF112306BEDC}.Debug|Win32.Build.0 = Debug|Win32
		{AE22EFD3-6F6D-48C0-AF3D-EF112306BEDC}.Release|Win32.ActiveCfg = Release|Win32
		{AE22EFD3-6F6D-48C0-AF3D-EF112306BEDC}.Release|Win32.Build.0 = Release|Win32
		{AE22EFD3-6F6D-32C0-AA3D-EF190406BEDC}.Debug|Win32.ActiveCfg = Debug|Win32
		{AE22EFD3-6F6D-32C0-AA3D-EF190406BEDC}.Debug|Win32.Build.0 = Debug|Win32
		{AE22EFD3-6F6D-32C0-AA3D-EF190406BEDC}.Release|Win32.ActiveCfg = Release|Win32
		{AE22EFD3-6F6D-32C0-AA3D-EF190406BEDC}.Release|Win32.Build.0 = Release|Win32
		{AE22AFD3-6F6D-48C0-AF3D-EF190406AAAA}.Debug|Win32.ActiveCfg = Debug|Win32
		{AE22AFD3-6F6D-48C0-AF3D-EF190406AAAA}.Debug|Win32.Build.0 = Debug|Win32
		{AE22AFD3-6F6D-48C0-AF3D-EF190406AAAA}.Release|Win32.ActiveCfg = Release|Win32
		{AE22AFD3-6F6D-48C0-AF3D-EF190406AAAA}.Release|Win32.Build.0 = Release|Win32
		{AE98EFD3-6F6D-48C0-AF3D-EF560406BEDC}.Debug|Win32.ActiveCfg = Debug|Win32
		{AE98EFD3-6F6D-48C0-AF3D-EF560406BEDC}.Debug|Win32.Build.0 = Debug|Win32
		{AE98EFD3-6F6D-48C0-AF3D-EF560406BEDC}.Release|Win32.ActiveCfg = Release|Win32
		{AE98EFD3-6F6D-48C0-AF3D-EF560406BEDC}.Release|Win32.Build.0 = Release|Win32
		{AE22EFD3-6161-48C0-123D-EF190406BEDC}.Debug|Win32.ActiveCfg = Debug|Win32
		{AE22EFD3-6161-48C0-123D-EF190406BEDC}.Debug|Win32.Build.0 = Debug|Win32
		{AE22EFD3-6161-48C0-123D-EF190406BEDC}.Release|Win32.ActiveCfg = Release|Win32
		{AE22EFD3-6161-48C0-123D-EF190406BEDC}.Release|Win32.Build.0 = Release|Win32
		{AE9876D3-6F6D-48C0-3DAF-EF578406BEDC}.Debug|Win32.ActiveCfg = Debug|Win32
		{AE9876D3-6F6D-48C0-3DAF-EF578406BEDC}.Debug|Win32.Build.0 = Debug|Win32
		{AE9876D3-6F6D-48C0-3DAF-EF578406BEDC}.Release|Win32.ActiveCfg = Release|Win32
		{AE9876D3-6F6D-48C0-3DAF-EF578406BEDC}.Release|Win32.Build.0 = Release|Win32
	EndGlobalSection
	GlobalSection(SolutionProperties) = preSolution
		HideSolutionNode = FALSE
	EndGlobalSection
	GlobalSection(NestedProjects) = preSolution
		{AE22EFD3-6F6D-48C0-AF3D-EF190406BEDC} = {0E209CE5-31A3-4039-9437-7F74DC13D8C8}
		{AE22EFD3-7F7D-48C0-AF3D-EF190406BEDC} = {0E209CE5-31A3-4039-9437-7F74DC13D8C8}
		{AE33EFD3-6F6D-48C0-AF3D-EF190406BEDC} = {0E209CE5-31A3-4039-9437-7F74DC13D8C8}
		{AE22EFD3-6F6D-21C0-AF2D-EF190406BEDC} = {0E209CE5-31A3-4039-9437-7F74DC13D8C8}
		{AE22EFD3-6F6D-48C0-AF3D-EF112306BEDC} = {0E209CE5-31A3-4039-9437-7F74DC13D8C8}
		{AE22EFD3-6F6D-32C0-AA3D-EF190406BEDC} = {0E209CE5-31A3-4039-9437-7F74DC13D8C8}
		{AE22AFD3-6F6D-48C0-AF3D-EF190406AAAA} = {0E209CE5-31A3-4039-9437-7F74DC13D8C8}
		{AE98EFD3-6F6D-48C0-AF3D-EF560406BEDC} = {0E209CE5-31A3-4039-9437-7F74DC13D8C8}
		{AE22EFD3-6161-48C0-123D-EF190406BEDC} = {0E209CE5-31A3-4039-9437-7F74DC13D8C8}
		{AE9876D3-6F6D-48C0-3DAF-EF578406BEDC} = {0E209CE5-31A3-4039-9437-7F74DC13D8C8}
	EndGlobalSection
EndGlobal
