[root]
name = "drivers"
version = "0.1.0"
dependencies = [
 "common 0.1.0",
 "audio 0.1.0",
 "network 0.1.0",
 "programs 0.1.0",
 "usb 0.1.0"
]

[[package]]
name = "common"
version = "0.1.0"

[[package]]
name = "audio"
version = "0.1.0"

[[package]]
name = "network"
version = "0.1.0"

[[package]]
name = "programs"
version = "0.1.0"

[[package]]
name = "usb"
version = "0.1.0"
