// !$*UTF8*$!
{
	archiveVersion = 1;
	classes = {
	};
	objectVersion = 46;
	objects = {

/* Begin PBXBuildFile section */
		005DF5E90A140CA2006B0BD5 /* IMG_xv.c in Sources */ = {isa = PBXBuildFile; fileRef = 005DF5E70A140CA2006B0BD5 /* IMG_xv.c */; };
		007287E40F0D997300C302A9 /* IMG_ImageIO.m in Sources */ = {isa = PBXBuildFile; fileRef = 007287E30F0D997300C302A9 /* IMG_ImageIO.m */; };
		007287E50F0D997300C302A9 /* IMG_ImageIO.m in Sources */ = {isa = PBXBuildFile; fileRef = 007287E30F0D997300C302A9 /* IMG_ImageIO.m */; };
		007288A70F0DA79800C302A9 /* ApplicationServices.framework in Frameworks */ = {isa = PBXBuildFile; fileRef = 007288A60F0DA79800C302A9 /* ApplicationServices.framework */; };
		007288A80F0DA79800C302A9 /* ApplicationServices.framework in Frameworks */ = {isa = PBXBuildFile; fileRef = 007288A60F0DA79800C302A9 /* ApplicationServices.framework */; };
		007289690F0DC29B00C302A9 /* IMG_lbm.c in Sources */ = {isa = PBXBuildFile; fileRef = F5FB1F0001CD818601FAFB42 /* IMG_lbm.c */; };
		0072896A0F0DC29F00C302A9 /* IMG_pcx.c in Sources */ = {isa = PBXBuildFile; fileRef = 3BB4C05C012FAC847F000001 /* IMG_pcx.c */; };
		007289720F0DC2BD00C302A9 /* IMG_pnm.c in Sources */ = {isa = PBXBuildFile; fileRef = 3BB4C05E012FAC847F000001 /* IMG_pnm.c */; };
		0072897A0F0DC2D000C302A9 /* IMG_xcf.c in Sources */ = {isa = PBXBuildFile; fileRef = 3BB4C061012FAC847F000001 /* IMG_xcf.c */; };
		0072897B0F0DC2D100C302A9 /* IMG_xpm.c in Sources */ = {isa = PBXBuildFile; fileRef = 3BB4C062012FAC847F000001 /* IMG_xpm.c */; };
		0072897C0F0DC2D300C302A9 /* IMG_xv.c in Sources */ = {isa = PBXBuildFile; fileRef = 005DF5E70A140CA2006B0BD5 /* IMG_xv.c */; };
		0072897D0F0DC2D400C302A9 /* IMG_xxx.c in Sources */ = {isa = PBXBuildFile; fileRef = B2D7A06503FAB42200A8000A /* IMG_xxx.c */; };
		61F8544A145A19BC002CA294 /* Foundation.framework in Frameworks */ = {isa = PBXBuildFile; fileRef = 61F85449145A19BC002CA294 /* Foundation.framework */; };
		AA9EE77614B27A62008773C0 /* webp.framework in Frameworks */ = {isa = PBXBuildFile; fileRef = AA9EE77514B27A62008773C0 /* webp.framework */; };
		AA9EE77714B27A6C008773C0 /* webp.framework in Copy Frameworks */ = {isa = PBXBuildFile; fileRef = AA9EE77514B27A62008773C0 /* webp.framework */; };
		AA9EE77914B27A95008773C0 /* IMG_webp.c in Sources */ = {isa = PBXBuildFile; fileRef = AA9EE77814B27A95008773C0 /* IMG_webp.c */; };
		BE1FA71A07AF4C44004B6283 /* SDL_image.h in Headers */ = {isa = PBXBuildFile; fileRef = 1014BAEA010A4B677F000001 /* SDL_image.h */; settings = {ATTRIBUTES = (Public, ); }; };
		BE1FA71D07AF4C44004B6283 /* IMG.c in Sources */ = {isa = PBXBuildFile; fileRef = 3BB4C058012FAC847F000001 /* IMG.c */; };
		BE1FA73207AF4C45004B6283 /* IMG.c in Sources */ = {isa = PBXBuildFile; fileRef = 3BB4C058012FAC847F000001 /* IMG.c */; };
		BE1FA73607AF4C45004B6283 /* IMG_pcx.c in Sources */ = {isa = PBXBuildFile; fileRef = 3BB4C05C012FAC847F000001 /* IMG_pcx.c */; };
		BE1FA73807AF4C45004B6283 /* IMG_pnm.c in Sources */ = {isa = PBXBuildFile; fileRef = 3BB4C05E012FAC847F000001 /* IMG_pnm.c */; };
		BE1FA73B07AF4C45004B6283 /* IMG_xcf.c in Sources */ = {isa = PBXBuildFile; fileRef = 3BB4C061012FAC847F000001 /* IMG_xcf.c */; };
		BE1FA73C07AF4C45004B6283 /* IMG_xpm.c in Sources */ = {isa = PBXBuildFile; fileRef = 3BB4C062012FAC847F000001 /* IMG_xpm.c */; };
		BE1FA73D07AF4C45004B6283 /* IMG_lbm.c in Sources */ = {isa = PBXBuildFile; fileRef = F5FB1F0001CD818601FAFB42 /* IMG_lbm.c */; };
		BE1FA73E07AF4C45004B6283 /* IMG_xxx.c in Sources */ = {isa = PBXBuildFile; fileRef = B2D7A06503FAB42200A8000A /* IMG_xxx.c */; };
		BE1FA76307AF7335004B6283 /* SDL.framework in Frameworks */ = {isa = PBXBuildFile; fileRef = BE1FA76207AF7335004B6283 /* SDL.framework */; };
/* End PBXBuildFile section */

/* Begin PBXContainerItemProxy section */
		BE1FA74C07AF4C45004B6283 /* PBXContainerItemProxy */ = {
			isa = PBXContainerItemProxy;
			containerPortal = 0867D690FE84028FC02AAC07 /* Project object */;
			proxyType = 1;
			remoteGlobalIDString = BE1FA71807AF4C44004B6283;
			remoteInfo = "Framework (Upgraded)";
		};
/* End PBXContainerItemProxy section */

/* Begin PBXCopyFilesBuildPhase section */
		AA9EE77214B27810008773C0 /* Copy Frameworks */ = {
			isa = PBXCopyFilesBuildPhase;
			buildActionMask = 2147483647;
			dstPath = "";
			dstSubfolderSpec = 10;
			files = (
				AA9EE77714B27A6C008773C0 /* webp.framework in Copy Frameworks */,
			);
			name = "Copy Frameworks";
			runOnlyForDeploymentPostprocessing = 0;
		};
/* End PBXCopyFilesBuildPhase section */

/* Begin PBXFileReference section */
		005DF5E70A140CA2006B0BD5 /* IMG_xv.c */ = {isa = PBXFileReference; fileEncoding = 30; lastKnownFileType = sourcecode.c.c; name = IMG_xv.c; path = ../IMG_xv.c; sourceTree = SOURCE_ROOT; };
		007287E30F0D997300C302A9 /* IMG_ImageIO.m */ = {isa = PBXFileReference; fileEncoding = 4; lastKnownFileType = sourcecode.c.objc; name = IMG_ImageIO.m; path = ../IMG_ImageIO.m; sourceTree = "<group>"; };
		007288A60F0DA79800C302A9 /* ApplicationServices.framework */ = {isa = PBXFileReference; lastKnownFileType = wrapper.framework; name = ApplicationServices.framework; path = /System/Library/Frameworks/ApplicationServices.framework; sourceTree = "<absolute>"; };
		1014BAEA010A4B677F000001 /* SDL_image.h */ = {isa = PBXFileReference; fileEncoding = 30; lastKnownFileType = sourcecode.c.h; name = SDL_image.h; path = ../SDL_image.h; sourceTree = SOURCE_ROOT; };
		3BB4C058012FAC847F000001 /* IMG.c */ = {isa = PBXFileReference; fileEncoding = 30; lastKnownFileType = sourcecode.c.c; name = IMG.c; path = ../IMG.c; sourceTree = SOURCE_ROOT; };
		3BB4C059012FAC847F000001 /* IMG_bmp.c */ = {isa = PBXFileReference; fileEncoding = 30; lastKnownFileType = sourcecode.c.c; name = IMG_bmp.c; path = ../IMG_bmp.c; sourceTree = SOURCE_ROOT; };
		3BB4C05A012FAC847F000001 /* IMG_gif.c */ = {isa = PBXFileReference; fileEncoding = 30; lastKnownFileType = sourcecode.c.c; name = IMG_gif.c; path = ../IMG_gif.c; sourceTree = SOURCE_ROOT; };
		3BB4C05B012FAC847F000001 /* IMG_jpg.c */ = {isa = PBXFileReference; fileEncoding = 30; lastKnownFileType = sourcecode.c.c; name = IMG_jpg.c; path = ../IMG_jpg.c; sourceTree = SOURCE_ROOT; };
		3BB4C05C012FAC847F000001 /* IMG_pcx.c */ = {isa = PBXFileReference; fileEncoding = 30; lastKnownFileType = sourcecode.c.c; name = IMG_pcx.c; path = ../IMG_pcx.c; sourceTree = SOURCE_ROOT; };
		3BB4C05D012FAC847F000001 /* IMG_png.c */ = {isa = PBXFileReference; fileEncoding = 30; lastKnownFileType = sourcecode.c.c; name = IMG_png.c; path = ../IMG_png.c; sourceTree = SOURCE_ROOT; };
		3BB4C05E012FAC847F000001 /* IMG_pnm.c */ = {isa = PBXFileReference; fileEncoding = 30; lastKnownFileType = sourcecode.c.c; name = IMG_pnm.c; path = ../IMG_pnm.c; sourceTree = SOURCE_ROOT; };
		3BB4C05F012FAC847F000001 /* IMG_tga.c */ = {isa = PBXFileReference; fileEncoding = 30; lastKnownFileType = sourcecode.c.c; name = IMG_tga.c; path = ../IMG_tga.c; sourceTree = SOURCE_ROOT; };
		3BB4C060012FAC847F000001 /* IMG_tif.c */ = {isa = PBXFileReference; fileEncoding = 30; lastKnownFileType = sourcecode.c.c; name = IMG_tif.c; path = ../IMG_tif.c; sourceTree = SOURCE_ROOT; };
		3BB4C061012FAC847F000001 /* IMG_xcf.c */ = {isa = PBXFileReference; fileEncoding = 30; lastKnownFileType = sourcecode.c.c; name = IMG_xcf.c; path = ../IMG_xcf.c; sourceTree = SOURCE_ROOT; };
		3BB4C062012FAC847F000001 /* IMG_xpm.c */ = {isa = PBXFileReference; fileEncoding = 30; lastKnownFileType = sourcecode.c.c; name = IMG_xpm.c; path = ../IMG_xpm.c; sourceTree = SOURCE_ROOT; };
		61F85449145A19BC002CA294 /* Foundation.framework */ = {isa = PBXFileReference; lastKnownFileType = wrapper.framework; name = Foundation.framework; path = System/Library/Frameworks/Foundation.framework; sourceTree = SDKROOT; };
		AA9EE77514B27A62008773C0 /* webp.framework */ = {isa = PBXFileReference; lastKnownFileType = wrapper.framework; name = webp.framework; path = Frameworks/webp.framework; sourceTree = "<group>"; };
		AA9EE77814B27A95008773C0 /* IMG_webp.c */ = {isa = PBXFileReference; fileEncoding = 4; lastKnownFileType = sourcecode.c.c; name = IMG_webp.c; path = ../IMG_webp.c; sourceTree = "<group>"; };
		B2D7A06503FAB42200A8000A /* IMG_xxx.c */ = {isa = PBXFileReference; fileEncoding = 30; lastKnownFileType = sourcecode.c.c; name = IMG_xxx.c; path = ../IMG_xxx.c; sourceTree = SOURCE_ROOT; };
		BE1FA72D07AF4C44004B6283 /* Info-Framework__Upgraded_.plist */ = {isa = PBXFileReference; lastKnownFileType = text.plist.xml; path = "Info-Framework__Upgraded_.plist"; sourceTree = "<group>"; };
		BE1FA72E07AF4C45004B6283 /* SDL_image.framework */ = {isa = PBXFileReference; explicitFileType = wrapper.framework; includeInIndex = 0; path = SDL_image.framework; sourceTree = BUILT_PRODUCTS_DIR; };
		BE1FA74107AF4C45004B6283 /* libSDL_image.a */ = {isa = PBXFileReference; explicitFileType = archive.ar; includeInIndex = 0; path = libSDL_image.a; sourceTree = BUILT_PRODUCTS_DIR; };
		BE1FA74507AF4C45004B6283 /* Create DMG */ = {isa = PBXFileReference; explicitFileType = "compiled.mach-o.executable"; includeInIndex = 0; path = "Create DMG"; sourceTree = BUILT_PRODUCTS_DIR; };
		BE1FA76207AF7335004B6283 /* SDL.framework */ = {isa = PBXFileReference; lastKnownFileType = wrapper.framework; name = SDL.framework; path = /Library/Frameworks/SDL.framework; sourceTree = "<absolute>"; };
		F59C710300D5CB5801000001 /* ReadMe.txt */ = {isa = PBXFileReference; fileEncoding = 30; lastKnownFileType = text; path = ReadMe.txt; sourceTree = "<group>"; };
		F59C710400D5CB5801000001 /* Welcome.txt */ = {isa = PBXFileReference; fileEncoding = 30; lastKnownFileType = text; path = Welcome.txt; sourceTree = "<group>"; };
		F59C710600D5CB5801000001 /* SDL_image.info */ = {isa = PBXFileReference; fileEncoding = 30; lastKnownFileType = text; path = SDL_image.info; sourceTree = "<group>"; };
		F5FB1F0001CD818601FAFB42 /* IMG_lbm.c */ = {isa = PBXFileReference; fileEncoding = 30; lastKnownFileType = sourcecode.c.c; name = IMG_lbm.c; path = ../IMG_lbm.c; sourceTree = SOURCE_ROOT; };
/* End PBXFileReference section */

/* Begin PBXFrameworksBuildPhase section */
		BE1FA72A07AF4C44004B6283 /* Frameworks */ = {
			isa = PBXFrameworksBuildPhase;
			buildActionMask = 2147483647;
			files = (
				BE1FA76307AF7335004B6283 /* SDL.framework in Frameworks */,
				007288A70F0DA79800C302A9 /* ApplicationServices.framework in Frameworks */,
				61F8544A145A19BC002CA294 /* Foundation.framework in Frameworks */,
				AA9EE77614B27A62008773C0 /* webp.framework in Frameworks */,
			);
			runOnlyForDeploymentPostprocessing = 0;
		};
		BE1FA73F07AF4C45004B6283 /* Frameworks */ = {
			isa = PBXFrameworksBuildPhase;
			buildActionMask = 2147483647;
			files = (
				007288A80F0DA79800C302A9 /* ApplicationServices.framework in Frameworks */,
			);
			runOnlyForDeploymentPostprocessing = 0;
		};
/* End PBXFrameworksBuildPhase section */

/* Begin PBXGroup section */
		0153844A006D81B07F000001 /* Public Headers */ = {
			isa = PBXGroup;
			children = (
				1014BAEA010A4B677F000001 /* SDL_image.h */,
			);
			name = "Public Headers";
			sourceTree = "<group>";
		};
		034768DDFF38A45A11DB9C8B /* Products */ = {
			isa = PBXGroup;
			children = (
				089C1665FE841158C02AAC07 /* Resources */,
				BE1FA72E07AF4C45004B6283 /* SDL_image.framework */,
				BE1FA74107AF4C45004B6283 /* libSDL_image.a */,
				BE1FA74507AF4C45004B6283 /* Create DMG */,
			);
			name = Products;
			sourceTree = "<group>";
		};
		0867D691FE84028FC02AAC07 /* SDL_imageFramework */ = {
			isa = PBXGroup;
			children = (
				F59C70FC00D5CB5801000001 /* pkg-support */,
				0153844A006D81B07F000001 /* Public Headers */,
				08FB77ACFE841707C02AAC07 /* Library Source */,
				BE1FA76107AF72F5004B6283 /* Frameworks */,
				034768DDFF38A45A11DB9C8B /* Products */,
				BE1FA72D07AF4C44004B6283 /* Info-Framework__Upgraded_.plist */,
			);
			name = SDL_imageFramework;
			sourceTree = "<group>";
		};
		089C1665FE841158C02AAC07 /* Resources */ = {
			isa = PBXGroup;
			children = (
			);
			name = Resources;
			sourceTree = "<group>";
		};
		08FB77ACFE841707C02AAC07 /* Library Source */ = {
			isa = PBXGroup;
			children = (
				3BB4C058012FAC847F000001 /* IMG.c */,
				3BB4C059012FAC847F000001 /* IMG_bmp.c */,
				3BB4C05A012FAC847F000001 /* IMG_gif.c */,
				007287E30F0D997300C302A9 /* IMG_ImageIO.m */,
				3BB4C05B012FAC847F000001 /* IMG_jpg.c */,
				F5FB1F0001CD818601FAFB42 /* IMG_lbm.c */,
				3BB4C05C012FAC847F000001 /* IMG_pcx.c */,
				3BB4C05D012FAC847F000001 /* IMG_png.c */,
				3BB4C05E012FAC847F000001 /* IMG_pnm.c */,
				3BB4C05F012FAC847F000001 /* IMG_tga.c */,
				3BB4C060012FAC847F000001 /* IMG_tif.c */,
				AA9EE77814B27A95008773C0 /* IMG_webp.c */,
				3BB4C061012FAC847F000001 /* IMG_xcf.c */,
				3BB4C062012FAC847F000001 /* IMG_xpm.c */,
				005DF5E70A140CA2006B0BD5 /* IMG_xv.c */,
				B2D7A06503FAB42200A8000A /* IMG_xxx.c */,
			);
			name = "Library Source";
			sourceTree = "<group>";
		};
		BE1FA76007AF72B1004B6283 /* Linked Frameworks */ = {
			isa = PBXGroup;
			children = (
				AA9EE77514B27A62008773C0 /* webp.framework */,
				007288A60F0DA79800C302A9 /* ApplicationServices.framework */,
				BE1FA76207AF7335004B6283 /* SDL.framework */,
			);
			name = "Linked Frameworks";
			sourceTree = "<group>";
		};
		BE1FA76107AF72F5004B6283 /* Frameworks */ = {
			isa = PBXGroup;
			children = (
				BE1FA76007AF72B1004B6283 /* Linked Frameworks */,
				61F85449145A19BC002CA294 /* Foundation.framework */,
			);
			name = Frameworks;
			sourceTree = "<group>";
		};
		F59C70FC00D5CB5801000001 /* pkg-support */ = {
			isa = PBXGroup;
			children = (
				F59C710100D5CB5801000001 /* resources */,
				F59C710600D5CB5801000001 /* SDL_image.info */,
			);
			path = "pkg-support";
			sourceTree = SOURCE_ROOT;
		};
		F59C710100D5CB5801000001 /* resources */ = {
			isa = PBXGroup;
			children = (
				F59C710300D5CB5801000001 /* ReadMe.txt */,
				F59C710400D5CB5801000001 /* Welcome.txt */,
			);
			path = resources;
			sourceTree = "<group>";
		};
/* End PBXGroup section */

/* Begin PBXHeadersBuildPhase section */
		BE1FA71907AF4C44004B6283 /* Headers */ = {
			isa = PBXHeadersBuildPhase;
			buildActionMask = 2147483647;
			files = (
				BE1FA71A07AF4C44004B6283 /* SDL_image.h in Headers */,
			);
			runOnlyForDeploymentPostprocessing = 0;
		};
		BE1FA73007AF4C45004B6283 /* Headers */ = {
			isa = PBXHeadersBuildPhase;
			buildActionMask = 2147483647;
			files = (
			);
			runOnlyForDeploymentPostprocessing = 0;
		};
/* End PBXHeadersBuildPhase section */

/* Begin PBXNativeTarget section */
		BE1FA71807AF4C44004B6283 /* Framework */ = {
			isa = PBXNativeTarget;
			buildConfigurationList = 00B7E3AA097EB73D00826121 /* Build configuration list for PBXNativeTarget "Framework" */;
			buildPhases = (
				BE1FA71907AF4C44004B6283 /* Headers */,
				BE1FA71B07AF4C44004B6283 /* Resources */,
				BE1FA71C07AF4C44004B6283 /* Sources */,
				BE1FA72A07AF4C44004B6283 /* Frameworks */,
				BE1FA72B07AF4C44004B6283 /* Rez */,
				AA9EE77214B27810008773C0 /* Copy Frameworks */,
				AA9EE77314B2782A008773C0 /* Create Frameworks symlink */,
				AA9EE77414B27854008773C0 /* Convert SDL includes to SDL Framework includes */,
			);
			buildRules = (
			);
			comments = "Installed into ~/Library/Frameworks/SDL_image.framework\n\nAdd -framework SDL_image to your linker flags\nAdd ~/Library/Frameworks/SDL_image.framework/Headers to your header search path\nAdd ~/Library/Frameworks to your library search path";
			dependencies = (
			);
			name = Framework;
			productInstallPath = "@executable_path/../Frameworks";
			productName = SDL_image;
			productReference = BE1FA72E07AF4C45004B6283 /* SDL_image.framework */;
			productType = "com.apple.product-type.framework";
		};
		BE1FA72F07AF4C45004B6283 /* Static Library */ = {
			isa = PBXNativeTarget;
			buildConfigurationList = 00B7E3AE097EB73D00826121 /* Build configuration list for PBXNativeTarget "Static Library" */;
			buildPhases = (
				BE1FA73007AF4C45004B6283 /* Headers */,
				BE1FA73107AF4C45004B6283 /* Sources */,
				BE1FA73F07AF4C45004B6283 /* Frameworks */,
				BE1FA74007AF4C45004B6283 /* Rez */,
			);
			buildRules = (
			);
			dependencies = (
			);
			name = "Static Library";
			productInstallPath = /usr/local/lib;
			productName = "Static Library";
			productReference = BE1FA74107AF4C45004B6283 /* libSDL_image.a */;
			productType = "com.apple.product-type.library.static";
		};
		BE1FA74207AF4C45004B6283 /* Create DMG */ = {
			isa = PBXNativeTarget;
			buildConfigurationList = 00B7E3B2097EB73D00826121 /* Build configuration list for PBXNativeTarget "Create DMG" */;
			buildPhases = (
				BE1FA74407AF4C45004B6283 /* ShellScript */,
			);
			buildRules = (
			);
			dependencies = (
				BE1FA74D07AF4C45004B6283 /* PBXTargetDependency */,
			);
			name = "Create DMG";
			productInstallPath = /usr/local/bin;
			productName = "Standard Package";
			productReference = BE1FA74507AF4C45004B6283 /* Create DMG */;
			productType = "com.apple.product-type.tool";
		};
/* End PBXNativeTarget section */

/* Begin PBXProject section */
		0867D690FE84028FC02AAC07 /* Project object */ = {
			isa = PBXProject;
			attributes = {
				LastUpgradeCheck = 0420;
			};
			buildConfigurationList = 00B7E3B6097EB73D00826121 /* Build configuration list for PBXProject "SDL_image" */;
			compatibilityVersion = "Xcode 3.2";
			developmentRegion = English;
			hasScannedForEncodings = 1;
			knownRegions = (
				English,
				Japanese,
				French,
				German,
			);
			mainGroup = 0867D691FE84028FC02AAC07 /* SDL_imageFramework */;
			productRefGroup = 034768DDFF38A45A11DB9C8B /* Products */;
			projectDirPath = "";
			projectRoot = ..;
			targets = (
				BE1FA71807AF4C44004B6283 /* Framework */,
				BE1FA72F07AF4C45004B6283 /* Static Library */,
				BE1FA74207AF4C45004B6283 /* Create DMG */,
			);
		};
/* End PBXProject section */

/* Begin PBXResourcesBuildPhase section */
		BE1FA71B07AF4C44004B6283 /* Resources */ = {
			isa = PBXResourcesBuildPhase;
			buildActionMask = 2147483647;
			files = (
			);
			runOnlyForDeploymentPostprocessing = 0;
		};
/* End PBXResourcesBuildPhase section */

/* Begin PBXRezBuildPhase section */
		BE1FA72B07AF4C44004B6283 /* Rez */ = {
			isa = PBXRezBuildPhase;
			buildActionMask = 2147483647;
			files = (
			);
			runOnlyForDeploymentPostprocessing = 0;
		};
		BE1FA74007AF4C45004B6283 /* Rez */ = {
			isa = PBXRezBuildPhase;
			buildActionMask = 2147483647;
			files = (
			);
			runOnlyForDeploymentPostprocessing = 0;
		};
/* End PBXRezBuildPhase section */

/* Begin PBXShellScriptBuildPhase section */
		AA9EE77314B2782A008773C0 /* Create Frameworks symlink */ = {
			isa = PBXShellScriptBuildPhase;
			buildActionMask = 2147483647;
			files = (
			);
			inputPaths = (
			);
			name = "Create Frameworks symlink";
			outputPaths = (
			);
			runOnlyForDeploymentPostprocessing = 0;
			shellPath = /bin/sh;
			shellScript = "cd $SYMROOT/$CONFIGURATION/SDL_image.framework\nif ! [ -L Frameworks ]; then\nln -s Versions/Current/Frameworks Frameworks\nfi";
		};
		AA9EE77414B27854008773C0 /* Convert SDL includes to SDL Framework includes */ = {
			isa = PBXShellScriptBuildPhase;
			buildActionMask = 2147483647;
			files = (
			);
			inputPaths = (
			);
			name = "Convert SDL includes to SDL Framework includes";
			outputPaths = (
			);
			runOnlyForDeploymentPostprocessing = 0;
			shellPath = /bin/sh;
			shellScript = "cd $SYMROOT/$CONFIGURATION/SDL_image.framework/Versions/Current/Headers\nsed 's,#include \"\\(.*\\)\",#include <SDL/\\1>,' <SDL_image.h >SDL_image.h.new\nmv SDL_image.h.new SDL_image.h";
		};
		BE1FA74407AF4C45004B6283 /* ShellScript */ = {
			isa = PBXShellScriptBuildPhase;
			buildActionMask = 2147483647;
			files = (
			);
			runOnlyForDeploymentPostprocessing = 0;
			shellPath = /bin/sh;
			shellScript = "# clean up the framework, remove headers, extra files\nmkdir -p build/dmg-tmp\n/Developer/Tools/CpMac -r $TARGET_BUILD_DIR/SDL_image.framework build/dmg-tmp/\ncp pkg-support/resources/ReadMe.txt build/dmg-tmp\n\n# remove the .DS_Store files if any (we may want to provide one in the future for fancy .dmgs)\nrm -rf build/dmg-tmp/.DS_Store\n\n# create the dmg\nhdiutil create -ov -fs HFS+ -volname SDL_image -srcfolder build/dmg-tmp build/SDL_image.dmg\n\n# clean up\nrm -rf build/dmg-tmp\n\n# compress it???\n#(cd build; gnutar -zcvf SDL_image.dmg.tar.gz SDL_image.dmg)";
		};
/* End PBXShellScriptBuildPhase section */

/* Begin PBXSourcesBuildPhase section */
		BE1FA71C07AF4C44004B6283 /* Sources */ = {
			isa = PBXSourcesBuildPhase;
			buildActionMask = 2147483647;
			files = (
				BE1FA71D07AF4C44004B6283 /* IMG.c in Sources */,
				007287E40F0D997300C302A9 /* IMG_ImageIO.m in Sources */,
				007289690F0DC29B00C302A9 /* IMG_lbm.c in Sources */,
				0072896A0F0DC29F00C302A9 /* IMG_pcx.c in Sources */,
				007289720F0DC2BD00C302A9 /* IMG_pnm.c in Sources */,
				0072897A0F0DC2D000C302A9 /* IMG_xcf.c in Sources */,
				0072897B0F0DC2D100C302A9 /* IMG_xpm.c in Sources */,
				0072897C0F0DC2D300C302A9 /* IMG_xv.c in Sources */,
				0072897D0F0DC2D400C302A9 /* IMG_xxx.c in Sources */,
				AA9EE77914B27A95008773C0 /* IMG_webp.c in Sources */,
			);
			runOnlyForDeploymentPostprocessing = 0;
		};
		BE1FA73107AF4C45004B6283 /* Sources */ = {
			isa = PBXSourcesBuildPhase;
			buildActionMask = 2147483647;
			files = (
				BE1FA73207AF4C45004B6283 /* IMG.c in Sources */,
				BE1FA73607AF4C45004B6283 /* IMG_pcx.c in Sources */,
				BE1FA73807AF4C45004B6283 /* IMG_pnm.c in Sources */,
				BE1FA73B07AF4C45004B6283 /* IMG_xcf.c in Sources */,
				BE1FA73C07AF4C45004B6283 /* IMG_xpm.c in Sources */,
				BE1FA73D07AF4C45004B6283 /* IMG_lbm.c in Sources */,
				BE1FA73E07AF4C45004B6283 /* IMG_xxx.c in Sources */,
				005DF5E90A140CA2006B0BD5 /* IMG_xv.c in Sources */,
				007287E50F0D997300C302A9 /* IMG_ImageIO.m in Sources */,
			);
			runOnlyForDeploymentPostprocessing = 0;
		};
/* End PBXSourcesBuildPhase section */

/* Begin PBXTargetDependency section */
		BE1FA74D07AF4C45004B6283 /* PBXTargetDependency */ = {
			isa = PBXTargetDependency;
			target = BE1FA71807AF4C44004B6283 /* Framework */;
			targetProxy = BE1FA74C07AF4C45004B6283 /* PBXContainerItemProxy */;
		};
/* End PBXTargetDependency section */

/* Begin XCBuildConfiguration section */
		007288110F0DA5BA00C302A9 /* Debug */ = {
			isa = XCBuildConfiguration;
			buildSettings = {
				ARCHS = "$(ARCHS_STANDARD_32_64_BIT)";
				FRAMEWORK_SEARCH_PATHS = (
					"$(FRAMEWORK_SEARCH_PATHS_QUOTED)",
					"$(HOME)/Library/Frameworks",
					/Library/Frameworks,
				);
				FRAMEWORK_SEARCH_PATHS_QUOTED = "\"$(SRCROOT)/Frameworks\"";
				GCC_OPTIMIZATION_LEVEL = 0;
				GCC_PREPROCESSOR_DEFINITIONS = (
					LOAD_BMP,
					LOAD_GIF,
					LOAD_JPG,
					LOAD_LBM,
					LOAD_PCX,
					LOAD_PNG,
					LOAD_PNM,
					LOAD_TGA,
					LOAD_TIF,
					LOAD_WEBP,
					LOAD_XPM,
					LOAD_XV,
				);
				GCC_SYMBOLS_PRIVATE_EXTERN = YES;
				HEADER_SEARCH_PATHS = (
					"$(HEADER_SEARCH_PATHS_QUOTED)",
					"$(HOME)/Library/Frameworks/SDL.framework/Headers",
					/Library/Frameworks/SDL.framework/Headers,
				);
				HEADER_SEARCH_PATHS_QUOTED = "\"$(SRCROOT)/Frameworks/webp.framework/Headers\"";
				MACOSX_DEPLOYMENT_TARGET = 10.5;
				PRODUCT_NAME = SDL_image;
				SDKROOT = macosx;
			};
			name = Debug;
		};
		007288120F0DA5BA00C302A9 /* Debug */ = {
			isa = XCBuildConfiguration;
			buildSettings = {
				DYLIB_COMPATIBILITY_VERSION = 1;
				DYLIB_CURRENT_VERSION = 9.4;
				FRAMEWORK_SEARCH_PATHS = (
					"$(inherited)",
					"\"$(SRCROOT)/Frameworks\"",
				);
				FRAMEWORK_VERSION = A;
				INFOPLIST_FILE = "Info-Framework__Upgraded_.plist";
				INSTALL_PATH = "@rpath";
				LD_RUNPATH_SEARCH_PATHS = "@loader_path/Frameworks";
				WRAPPER_EXTENSION = framework;
			};
			name = Debug;
		};
		007288130F0DA5BA00C302A9 /* Debug */ = {
			isa = XCBuildConfiguration;
			buildSettings = {
				DYLIB_COMPATIBILITY_VERSION = 1;
				DYLIB_CURRENT_VERSION = 1;
				FRAMEWORK_SEARCH_PATHS = "";
				GCC_DYNAMIC_NO_PIC = NO;
				GCC_GENERATE_DEBUGGING_SYMBOLS = YES;
				GCC_OPTIMIZATION_LEVEL = 0;
				GCC_PREPROCESSOR_DEFINITIONS = (
					LOAD_BMP,
					LOAD_GIF,
					LOAD_JPG,
					LOAD_LBM,
					LOAD_PCX,
					LOAD_PNG,
					LOAD_PNM,
					LOAD_TGA,
					LOAD_TIF,
					LOAD_WEBP,
					LOAD_XPM,
					LOAD_XV,
				);
				HEADER_SEARCH_PATHS = (
					/Library/Frameworks/SDL.framework/Headers,
					"~/Library/Frameworks/SDL.framework/Headers",
				);
				LIBRARY_STYLE = STATIC;
				OTHER_CFLAGS = "";
				OTHER_LIBTOOL_FLAGS = "";
				OTHER_REZFLAGS = "";
				PRODUCT_NAME = SDL_image;
				REZ_EXECUTABLE = YES;
				SECTORDER_FLAGS = "";
			};
			name = Debug;
		};
		007288140F0DA5BA00C302A9 /* Debug */ = {
			isa = XCBuildConfiguration;
			buildSettings = {
				GCC_DYNAMIC_NO_PIC = NO;
				GCC_GENERATE_DEBUGGING_SYMBOLS = YES;
				GCC_OPTIMIZATION_LEVEL = 0;
				OTHER_CFLAGS = "";
				OTHER_LDFLAGS = "";
				OTHER_REZFLAGS = "";
				PRODUCT_NAME = "Create DMG";
				REZ_EXECUTABLE = YES;
				SECTORDER_FLAGS = "";
				WARNING_CFLAGS = (
					"-Wmost",
					"-Wno-four-char-constants",
					"-Wno-unknown-pragmas",
				);
				ZERO_LINK = YES;
			};
			name = Debug;
		};
		007288150F0DA5C400C302A9 /* Release */ = {
			isa = XCBuildConfiguration;
			buildSettings = {
				ARCHS = "$(ARCHS_STANDARD_32_64_BIT)";
				DEPLOYMENT_POSTPROCESSING = YES;
				FRAMEWORK_SEARCH_PATHS = (
					"$(FRAMEWORK_SEARCH_PATHS_QUOTED)",
					"$(HOME)/Library/Frameworks",
					/Library/Frameworks,
				);
				FRAMEWORK_SEARCH_PATHS_QUOTED = "\"$(SRCROOT)/Frameworks\"";
				GCC_GENERATE_DEBUGGING_SYMBOLS = NO;
				GCC_PREPROCESSOR_DEFINITIONS = (
					LOAD_BMP,
					LOAD_GIF,
					LOAD_JPG,
					LOAD_LBM,
					LOAD_PCX,
					LOAD_PNG,
					LOAD_PNM,
					LOAD_TGA,
					LOAD_TIF,
					LOAD_WEBP,
					LOAD_XPM,
					LOAD_XV,
				);
				GCC_SYMBOLS_PRIVATE_EXTERN = YES;
				HEADER_SEARCH_PATHS = (
					"$(HEADER_SEARCH_PATHS_QUOTED)",
					"$(HOME)/Library/Frameworks/SDL.framework/Headers",
					/Library/Frameworks/SDL.framework/Headers,
				);
				HEADER_SEARCH_PATHS_QUOTED = "\"$(SRCROOT)/Frameworks/webp.framework/Headers\"";
				MACOSX_DEPLOYMENT_TARGET = 10.5;
				PRODUCT_NAME = SDL_image;
				SDKROOT = macosx;
				SEPARATE_STRIP = YES;
				STRIP_STYLE = "non-global";
			};
			name = Release;
		};
		007288160F0DA5C400C302A9 /* Release */ = {
			isa = XCBuildConfiguration;
			buildSettings = {
				DYLIB_COMPATIBILITY_VERSION = 1;
				DYLIB_CURRENT_VERSION = 9.4;
				FRAMEWORK_SEARCH_PATHS = (
					"$(inherited)",
					"\"$(SRCROOT)/Frameworks\"",
				);
				FRAMEWORK_VERSION = A;
				INFOPLIST_FILE = "Info-Framework__Upgraded_.plist";
				INSTALL_PATH = "@rpath";
				LD_RUNPATH_SEARCH_PATHS = "@loader_path/Frameworks";
				WRAPPER_EXTENSION = framework;
			};
			name = Release;
		};
		007288170F0DA5C400C302A9 /* Release */ = {
			isa = XCBuildConfiguration;
			buildSettings = {
				DYLIB_COMPATIBILITY_VERSION = 1;
				DYLIB_CURRENT_VERSION = 1;
				FRAMEWORK_SEARCH_PATHS = "";
				GCC_GENERATE_DEBUGGING_SYMBOLS = NO;
				GCC_PREPROCESSOR_DEFINITIONS = (
					LOAD_BMP,
					LOAD_GIF,
					LOAD_JPG,
					LOAD_LBM,
					LOAD_PCX,
					LOAD_PNG,
					LOAD_PNM,
					LOAD_TGA,
					LOAD_TIF,
					LOAD_WEBP,
					LOAD_XPM,
					LOAD_XV,
				);
				HEADER_SEARCH_PATHS = (
					/Library/Frameworks/SDL.framework/Headers,
					"~/Library/Frameworks/SDL.framework/Headers",
				);
				LIBRARY_STYLE = STATIC;
				OTHER_CFLAGS = "";
				OTHER_LIBTOOL_FLAGS = "";
				OTHER_REZFLAGS = "";
				PRODUCT_NAME = SDL_image;
				REZ_EXECUTABLE = YES;
				SECTORDER_FLAGS = "";
			};
			name = Release;
		};
		007288180F0DA5C400C302A9 /* Release */ = {
			isa = XCBuildConfiguration;
			buildSettings = {
				OTHER_CFLAGS = "";
				OTHER_LDFLAGS = "";
				OTHER_REZFLAGS = "";
				PRODUCT_NAME = "Create DMG";
				REZ_EXECUTABLE = YES;
				SECTORDER_FLAGS = "";
				WARNING_CFLAGS = (
					"-Wmost",
					"-Wno-four-char-constants",
					"-Wno-unknown-pragmas",
				);
				ZERO_LINK = NO;
			};
			name = Release;
		};
/* End XCBuildConfiguration section */

/* Begin XCConfigurationList section */
		00B7E3AA097EB73D00826121 /* Build configuration list for PBXNativeTarget "Framework" */ = {
			isa = XCConfigurationList;
			buildConfigurations = (
				007288160F0DA5C400C302A9 /* Release */,
				007288120F0DA5BA00C302A9 /* Debug */,
			);
			defaultConfigurationIsVisible = 0;
			defaultConfigurationName = Release;
		};
		00B7E3AE097EB73D00826121 /* Build configuration list for PBXNativeTarget "Static Library" */ = {
			isa = XCConfigurationList;
			buildConfigurations = (
				007288170F0DA5C400C302A9 /* Release */,
				007288130F0DA5BA00C302A9 /* Debug */,
			);
			defaultConfigurationIsVisible = 0;
			defaultConfigurationName = Release;
		};
		00B7E3B2097EB73D00826121 /* Build configuration list for PBXNativeTarget "Create DMG" */ = {
			isa = XCConfigurationList;
			buildConfigurations = (
				007288180F0DA5C400C302A9 /* Release */,
				007288140F0DA5BA00C302A9 /* Debug */,
			);
			defaultConfigurationIsVisible = 0;
			defaultConfigurationName = Release;
		};
		00B7E3B6097EB73D00826121 /* Build configuration list for PBXProject "SDL_image" */ = {
			isa = XCConfigurationList;
			buildConfigurations = (
				007288150F0DA5C400C302A9 /* Release */,
				007288110F0DA5BA00C302A9 /* Debug */,
			);
			defaultConfigurationIsVisible = 0;
			defaultConfigurationName = Release;
		};
/* End XCConfigurationList section */
	};
	rootObject = 0867D690FE84028FC02AAC07 /* Project object */;
}
