[root]
name = "network"
version = "0.1.0"
dependencies = [
 "common 0.1.0",
 "drivers 0.1.0",
 "programs 0.1.0",
 "syscall 0.1.0"
]

[[package]]
name = "common"
version = "0.1.0"

[[package]]
name = "drivers"
version = "0.1.0"

[[package]]
name = "programs"
version = "0.1.0"

[[package]]
name = "syscall"
version = "0.1.0"
